
Microsoft Visual Studio Solution File, Format Version 12.00
# Visual Studio Version 17
VisualStudioVersion = 17.13.35931.197 d17.13
MinimumVisualStudioVersion = 10.0.40219.1
Project("{FAE04EC0-301F-11D3-BF4B-00C04F79EFBC}") = "LearnKana.Domain", "LearnKana.Domain\LearnKana.Domain.csproj", "{5387C605-C5B5-266F-9A0A-542662526C5D}"
EndProject
Project("{FAE04EC0-301F-11D3-BF4B-00C04F79EFBC}") = "LearnKana.Droid", "LearnKana.Droid\LearnKana.Droid.csproj", "{01FEC362-DF3D-87D8-6E5B-081CB94E9269}"
EndProject
Project("{FAE04EC0-301F-11D3-BF4B-00C04F79EFBC}") = "LearnKana.Provider", "LearnKana.Provider\LearnKana.Provider.csproj", "{E4CB3629-2F88-FA9D-D3BD-ADA2F94871AA}"
EndProject
Project("{FAE04EC0-301F-11D3-BF4B-00C04F79EFBC}") = "LearnKana.Shared", "LearnKana.Shared\LearnKana.Shared.csproj", "{0EC4BC03-E520-7A91-DED0-57921AA3728F}"
EndProject
Project("{FAE04EC0-301F-11D3-BF4B-00C04F79EFBC}") = "LearnKana.Test", "LearnKana.Test\LearnKana.Test.csproj", "{18CABAC6-338A-09FC-F7B5-C73FB9FF7E6F}"
EndProject
Project("{2150E333-8FDC-42A3-9474-1A3956D46DE8}") = "App", "App", "{02EA681E-C7D8-13C7-8484-4AC65E1B71E8}"
EndProject
Project("{2150E333-8FDC-42A3-9474-1A3956D46DE8}") = "Libraries", "Libraries", "{07E21FD4-6A13-4347-85F8-97006C4D0644}"
EndProject
Project("{2150E333-8FDC-42A3-9474-1A3956D46DE8}") = "Shared", "Shared", "{6DE44703-A604-4BC0-BA69-F94380BC9921}"
EndProject
Global
	GlobalSection(SolutionConfigurationPlatforms) = preSolution
		Debug|Any CPU = Debug|Any CPU
		Release|Any CPU = Release|Any CPU
	EndGlobalSection
	GlobalSection(ProjectConfigurationPlatforms) = postSolution
		{5387C605-C5B5-266F-9A0A-542662526C5D}.Debug|Any CPU.ActiveCfg = Debug|Any CPU
		{5387C605-C5B5-266F-9A0A-542662526C5D}.Debug|Any CPU.Build.0 = Debug|Any CPU
		{5387C605-C5B5-266F-9A0A-542662526C5D}.Release|Any CPU.ActiveCfg = Release|Any CPU
		{5387C605-C5B5-266F-9A0A-542662526C5D}.Release|Any CPU.Build.0 = Release|Any CPU
		{01FEC362-DF3D-87D8-6E5B-081CB94E9269}.Debug|Any CPU.ActiveCfg = Debug|Any CPU
		{01FEC362-DF3D-87D8-6E5B-081CB94E9269}.Debug|Any CPU.Build.0 = Debug|Any CPU
		{01FEC362-DF3D-87D8-6E5B-081CB94E9269}.Debug|Any CPU.Deploy.0 = Debug|Any CPU
		{01FEC362-DF3D-87D8-6E5B-081CB94E9269}.Release|Any CPU.ActiveCfg = Release|Any CPU
		{01FEC362-DF3D-87D8-6E5B-081CB94E9269}.Release|Any CPU.Build.0 = Release|Any CPU
		{01FEC362-DF3D-87D8-6E5B-081CB94E9269}.Release|Any CPU.Deploy.0 = Release|Any CPU
		{E4CB3629-2F88-FA9D-D3BD-ADA2F94871AA}.Debug|Any CPU.ActiveCfg = Debug|Any CPU
		{E4CB3629-2F88-FA9D-D3BD-ADA2F94871AA}.Debug|Any CPU.Build.0 = Debug|Any CPU
		{E4CB3629-2F88-FA9D-D3BD-ADA2F94871AA}.Release|Any CPU.ActiveCfg = Release|Any CPU
		{E4CB3629-2F88-FA9D-D3BD-ADA2F94871AA}.Release|Any CPU.Build.0 = Release|Any CPU
		{0EC4BC03-E520-7A91-DED0-57921AA3728F}.Debug|Any CPU.ActiveCfg = Debug|Any CPU
		{0EC4BC03-E520-7A91-DED0-57921AA3728F}.Debug|Any CPU.Build.0 = Debug|Any CPU
		{0EC4BC03-E520-7A91-DED0-57921AA3728F}.Release|Any CPU.ActiveCfg = Release|Any CPU
		{0EC4BC03-E520-7A91-DED0-57921AA3728F}.Release|Any CPU.Build.0 = Release|Any CPU
		{18CABAC6-338A-09FC-F7B5-C73FB9FF7E6F}.Debug|Any CPU.ActiveCfg = Debug|Any CPU
		{18CABAC6-338A-09FC-F7B5-C73FB9FF7E6F}.Debug|Any CPU.Build.0 = Debug|Any CPU
		{18CABAC6-338A-09FC-F7B5-C73FB9FF7E6F}.Release|Any CPU.ActiveCfg = Release|Any CPU
		{18CABAC6-338A-09FC-F7B5-C73FB9FF7E6F}.Release|Any CPU.Build.0 = Release|Any CPU
	EndGlobalSection
	GlobalSection(SolutionProperties) = preSolution
		HideSolutionNode = FALSE
	EndGlobalSection
	GlobalSection(NestedProjects) = preSolution
		{5387C605-C5B5-266F-9A0A-542662526C5D} = {07E21FD4-6A13-4347-85F8-97006C4D0644}
		{01FEC362-DF3D-87D8-6E5B-081CB94E9269} = {02EA681E-C7D8-13C7-8484-4AC65E1B71E8}
		{E4CB3629-2F88-FA9D-D3BD-ADA2F94871AA} = {07E21FD4-6A13-4347-85F8-97006C4D0644}
		{0EC4BC03-E520-7A91-DED0-57921AA3728F} = {6DE44703-A604-4BC0-BA69-F94380BC9921}
	EndGlobalSection
	GlobalSection(ExtensibilityGlobals) = postSolution
		SolutionGuid = {AC2BAA78-9560-40C9-A965-76C88059545E}
	EndGlobalSection
EndGlobal
